
Microsoft Visual Studio Solution File, Format Version 12.00
# Visual Studio Version 17
VisualStudioVersion = 17.9.34728.123
MinimumVisualStudioVersion = 10.0.40219.1
Project("{FAE04EC0-301F-11D3-BF4B-00C04F79EFBC}") = "lab1bai1", "lab1\lab1bai1.csproj", "{3C102151-1F38-440F-85A5-A7C0FB7FE4D4}"
EndProject
Project("{FAE04EC0-301F-11D3-BF4B-00C04F79EFBC}") = "Lap1bai2", "Lap1bai2\Lap1bai2.csproj", "{2DDA0D26-EF67-4EEF-90CA-A0B3D0271E44}"
EndProject
Project("{FAE04EC0-301F-11D3-BF4B-00C04F79EFBC}") = "lap1bai3", "lap1bai3\lap1bai3.csproj", "{B423ACA6-AD74-49D9-98FD-18CA7855CAFD}"
EndProject
Project("{FAE04EC0-301F-11D3-BF4B-00C04F79EFBC}") = "lab1bai4", "lab1bai4\lab1bai4.csproj", "{2D22FD40-E7AF-4CFE-94B4-DAA6CBE2F457}"
EndProject
Global
	GlobalSection(SolutionConfigurationPlatforms) = preSolution
		Debug|Any CPU = Debug|Any CPU
		Release|Any CPU = Release|Any CPU
	EndGlobalSection
	GlobalSection(ProjectConfigurationPlatforms) = postSolution
		{3C102151-1F38-440F-85A5-A7C0FB7FE4D4}.Debug|Any CPU.ActiveCfg = Debug|Any CPU
		{3C102151-1F38-440F-85A5-A7C0FB7FE4D4}.Debug|Any CPU.Build.0 = Debug|Any CPU
		{3C102151-1F38-440F-85A5-A7C0FB7FE4D4}.Release|Any CPU.ActiveCfg = Release|Any CPU
		{3C102151-1F38-440F-85A5-A7C0FB7FE4D4}.Release|Any CPU.Build.0 = Release|Any CPU
		{2DDA0D26-EF67-4EEF-90CA-A0B3D0271E44}.Debug|Any CPU.ActiveCfg = Debug|Any CPU
		{2DDA0D26-EF67-4EEF-90CA-A0B3D0271E44}.Debug|Any CPU.Build.0 = Debug|Any CPU
		{2DDA0D26-EF67-4EEF-90CA-A0B3D0271E44}.Release|Any CPU.ActiveCfg = Release|Any CPU
		{2DDA0D26-EF67-4EEF-90CA-A0B3D0271E44}.Release|Any CPU.Build.0 = Release|Any CPU
		{B423ACA6-AD74-49D9-98FD-18CA7855CAFD}.Debug|Any CPU.ActiveCfg = Debug|Any CPU
		{B423ACA6-AD74-49D9-98FD-18CA7855CAFD}.Debug|Any CPU.Build.0 = Debug|Any CPU
		{B423ACA6-AD74-49D9-98FD-18CA7855CAFD}.Release|Any CPU.ActiveCfg = Release|Any CPU
		{B423ACA6-AD74-49D9-98FD-18CA7855CAFD}.Release|Any CPU.Build.0 = Release|Any CPU
		{2D22FD40-E7AF-4CFE-94B4-DAA6CBE2F457}.Debug|Any CPU.ActiveCfg = Debug|Any CPU
		{2D22FD40-E7AF-4CFE-94B4-DAA6CBE2F457}.Debug|Any CPU.Build.0 = Debug|Any CPU
		{2D22FD40-E7AF-4CFE-94B4-DAA6CBE2F457}.Release|Any CPU.ActiveCfg = Release|Any CPU
		{2D22FD40-E7AF-4CFE-94B4-DAA6CBE2F457}.Release|Any CPU.Build.0 = Release|Any CPU
	EndGlobalSection
	GlobalSection(SolutionProperties) = preSolution
		HideSolutionNode = FALSE
	EndGlobalSection
	GlobalSection(ExtensibilityGlobals) = postSolution
		SolutionGuid = {27001A64-6C2C-4544-842B-AE645A4B35FB}
	EndGlobalSection
EndGlobal
